
Microsoft Visual Studio Solution File, Format Version 12.00
# Visual Studio Version 17
VisualStudioVersion = 17.9.34607.119
MinimumVisualStudioVersion = 10.0.40219.1
Project("{FAE04EC0-301F-11D3-BF4B-00C04F79EFBC}") = "EACToolWpf", "EACToolWpf\EACToolWpf.csproj", "{3EAF6BB2-7DCE-4938-B315-6CC65729FB5A}"
EndProject
Global
	GlobalSection(SolutionConfigurationPlatforms) = preSolution
		Debug|Any CPU = Debug|Any CPU
		Release|Any CPU = Release|Any CPU
	EndGlobalSection
	GlobalSection(ProjectConfigurationPlatforms) = postSolution
		{3EAF6BB2-7DCE-4938-B315-6CC65729FB5A}.Debug|Any CPU.ActiveCfg = Debug|Any CPU
		{3EAF6BB2-7DCE-4938-B315-6CC65729FB5A}.Debug|Any CPU.Build.0 = Debug|Any CPU
		{3EAF6BB2-7DCE-4938-B315-6CC65729FB5A}.Release|Any CPU.ActiveCfg = Release|Any CPU
		{3EAF6BB2-7DCE-4938-B315-6CC65729FB5A}.Release|Any CPU.Build.0 = Release|Any CPU
	EndGlobalSection
	GlobalSection(SolutionProperties) = preSolution
		HideSolutionNode = FALSE
	EndGlobalSection
	GlobalSection(ExtensibilityGlobals) = postSolution
		SolutionGuid = {993C820B-98AC-486B-A995-96E56344BD84}
	EndGlobalSection
EndGlobal
